
Microsoft Visual Studio Solution File, Format Version 12.00
# Visual Studio Version 17
VisualStudioVersion = 17.9.34728.123
MinimumVisualStudioVersion = 10.0.40219.1
Project("{9A19103F-16F7-4668-BE54-9A1E7A4F7556}") = "Sapho_IDE_New", "Sapho_IDE_New.csproj", "{5B21C8B0-2E95-4E62-9EE4-F417916B6917}"
EndProject
Global
	GlobalSection(SolutionConfigurationPlatforms) = preSolution
		Debug|Any CPU = Debug|Any CPU
		Release|Any CPU = Release|Any CPU
	EndGlobalSection
	GlobalSection(ProjectConfigurationPlatforms) = postSolution
		{5B21C8B0-2E95-4E62-9EE4-F417916B6917}.Debug|Any CPU.ActiveCfg = Debug|Any CPU
		{5B21C8B0-2E95-4E62-9EE4-F417916B6917}.Debug|Any CPU.Build.0 = Debug|Any CPU
		{5B21C8B0-2E95-4E62-9EE4-F417916B6917}.Release|Any CPU.ActiveCfg = Release|Any CPU
		{5B21C8B0-2E95-4E62-9EE4-F417916B6917}.Release|Any CPU.Build.0 = Release|Any CPU
	EndGlobalSection
	GlobalSection(SolutionProperties) = preSolution
		HideSolutionNode = FALSE
	EndGlobalSection
	GlobalSection(ExtensibilityGlobals) = postSolution
		SolutionGuid = {E797B578-D6ED-467F-B8D2-BE4E29ED87CC}
	EndGlobalSection
EndGlobal
